
Microsoft Visual Studio Solution File, Format Version 12.00
# Visual Studio Version 18
VisualStudioVersion = 18.0.11201.2
MinimumVisualStudioVersion = 10.0.40219.1
Project("{2150E333-8FDC-42A3-9474-1A3956D46DE8}") = "Refs", "Refs", "{5B1CDC4F-5ED6-4662-8EC6-3DE3FF0B05BE}"
EndProject
Project("{2150E333-8FDC-42A3-9474-1A3956D46DE8}") = "Solution Items", "Solution Items", "{089100B1-113F-4E66-888A-E83F3999EAFD}"
	ProjectSection(SolutionItems) = preProject
		..\.gitignore = ..\.gitignore
		..\README.md = ..\README.md
		..\..\DrawnUi.Maui\src\Maui\Addons\DrawnUi.Maui.Camera\README.md = ..\..\DrawnUi.Maui\src\Maui\Addons\DrawnUi.Maui.Camera\README.md
		..\..\ShadersCam.targets = ..\..\ShadersCam.targets
	EndProjectSection
EndProject
Project("{FAE04EC0-301F-11D3-BF4B-00C04F79EFBC}") = "ShadersCamera", "..\src\app\ShadersCamera.csproj", "{9F71E169-6D24-B132-9826-8A6DA9FFFBC8}"
EndProject
Project("{FAE04EC0-301F-11D3-BF4B-00C04F79EFBC}") = "DrawnUi.Maui.Camera", "..\..\DrawnUi.Maui.Camera\src\Lib\DrawnUi.Maui.Camera.csproj", "{B908CF8F-86DA-57A3-E68C-E59E36316522}"
EndProject
Project("{D954291E-2A0B-460D-934E-DC6B0785DB48}") = "DrawnUi.Shared", "..\..\DrawnUi\src\Shared\DrawnUi.Shared.shproj", "{83974207-9636-48DD-BDB3-98EDECBB1107}"
EndProject
Project("{FAE04EC0-301F-11D3-BF4B-00C04F79EFBC}") = "DrawnUi.Maui", "..\..\DrawnUi\src\Maui\DrawnUi\DrawnUi.Maui.csproj", "{315B4382-048D-46A6-E86A-B0684C70741B}"
EndProject
Global
	GlobalSection(SolutionConfigurationPlatforms) = preSolution
		Debug|Any CPU = Debug|Any CPU
		Release|Any CPU = Release|Any CPU
	EndGlobalSection
	GlobalSection(ProjectConfigurationPlatforms) = postSolution
		{9F71E169-6D24-B132-9826-8A6DA9FFFBC8}.Debug|Any CPU.ActiveCfg = Debug|Any CPU
		{9F71E169-6D24-B132-9826-8A6DA9FFFBC8}.Debug|Any CPU.Build.0 = Debug|Any CPU
		{9F71E169-6D24-B132-9826-8A6DA9FFFBC8}.Debug|Any CPU.Deploy.0 = Debug|Any CPU
		{9F71E169-6D24-B132-9826-8A6DA9FFFBC8}.Release|Any CPU.ActiveCfg = Release|Any CPU
		{9F71E169-6D24-B132-9826-8A6DA9FFFBC8}.Release|Any CPU.Build.0 = Release|Any CPU
		{9F71E169-6D24-B132-9826-8A6DA9FFFBC8}.Release|Any CPU.Deploy.0 = Release|Any CPU
		{B908CF8F-86DA-57A3-E68C-E59E36316522}.Debug|Any CPU.ActiveCfg = Debug|Any CPU
		{B908CF8F-86DA-57A3-E68C-E59E36316522}.Debug|Any CPU.Build.0 = Debug|Any CPU
		{B908CF8F-86DA-57A3-E68C-E59E36316522}.Release|Any CPU.ActiveCfg = Release|Any CPU
		{B908CF8F-86DA-57A3-E68C-E59E36316522}.Release|Any CPU.Build.0 = Release|Any CPU
		{315B4382-048D-46A6-E86A-B0684C70741B}.Debug|Any CPU.ActiveCfg = Debug|Any CPU
		{315B4382-048D-46A6-E86A-B0684C70741B}.Debug|Any CPU.Build.0 = Debug|Any CPU
		{315B4382-048D-46A6-E86A-B0684C70741B}.Release|Any CPU.ActiveCfg = Release|Any CPU
		{315B4382-048D-46A6-E86A-B0684C70741B}.Release|Any CPU.Build.0 = Release|Any CPU
	EndGlobalSection
	GlobalSection(SolutionProperties) = preSolution
		HideSolutionNode = FALSE
	EndGlobalSection
	GlobalSection(NestedProjects) = preSolution
		{B908CF8F-86DA-57A3-E68C-E59E36316522} = {5B1CDC4F-5ED6-4662-8EC6-3DE3FF0B05BE}
		{83974207-9636-48DD-BDB3-98EDECBB1107} = {5B1CDC4F-5ED6-4662-8EC6-3DE3FF0B05BE}
		{315B4382-048D-46A6-E86A-B0684C70741B} = {5B1CDC4F-5ED6-4662-8EC6-3DE3FF0B05BE}
	EndGlobalSection
	GlobalSection(ExtensibilityGlobals) = postSolution
		SolutionGuid = {329E3D0C-A3F7-4A3E-B61C-6B2D1BD7F708}
	EndGlobalSection
	GlobalSection(SharedMSBuildProjectFiles) = preSolution
		..\..\DrawnUi\src\Shared\Shared.projitems*{315b4382-048d-46a6-e86a-b0684c70741b}*SharedItemsImports = 5
		..\..\DrawnUi\src\Shared\Shared.projitems*{83974207-9636-48dd-bdb3-98edecbb1107}*SharedItemsImports = 13
	EndGlobalSection
EndGlobal
